// !$*UTF8*$!
{
	archiveVersion = 1;
	classes = {
	};
	objectVersion = 56;
	objects = {

/* Begin PBXBuildFile section */
		1137AA85A12FBAB5FF8F2CEB /* Pods_miniTwitter_miniTwitterUITests.framework in Frameworks */ = {isa = PBXBuildFile; fileRef = ABA6330CCBB895F0087FEDC2 /* Pods_miniTwitter_miniTwitterUITests.framework */; };
		2B507258297BC8A3004ACE1B /* CreatePostViewController.swift in Sources */ = {isa = PBXBuildFile; fileRef = 2B507256297BC8A3004ACE1B /* CreatePostViewController.swift */; };
		2B507259297BC8A3004ACE1B /* CreatePostViewController.xib in Resources */ = {isa = PBXBuildFile; fileRef = 2B507257297BC8A3004ACE1B /* CreatePostViewController.xib */; };
		2B50725B297BCFF7004ACE1B /* CreatePostViewModel.swift in Sources */ = {isa = PBXBuildFile; fileRef = 2B50725A297BCFF7004ACE1B /* CreatePostViewModel.swift */; };
		2B50725D297BEB26004ACE1B /* String+extension.swift in Sources */ = {isa = PBXBuildFile; fileRef = 2B50725C297BEB26004ACE1B /* String+extension.swift */; };
		2B53BDE72977F36800B43A7F /* AppDelegate.swift in Sources */ = {isa = PBXBuildFile; fileRef = 2B53BDE62977F36800B43A7F /* AppDelegate.swift */; };
		2B53BDE92977F36800B43A7F /* SceneDelegate.swift in Sources */ = {isa = PBXBuildFile; fileRef = 2B53BDE82977F36800B43A7F /* SceneDelegate.swift */; };
		2B53BDF02977F36900B43A7F /* Assets.xcassets in Resources */ = {isa = PBXBuildFile; fileRef = 2B53BDEF2977F36900B43A7F /* Assets.xcassets */; };
		2B53BDF32977F36900B43A7F /* LaunchScreen.storyboard in Resources */ = {isa = PBXBuildFile; fileRef = 2B53BDF12977F36900B43A7F /* LaunchScreen.storyboard */; };
		2B53BDFE2977F36900B43A7F /* miniTwitterTests.swift in Sources */ = {isa = PBXBuildFile; fileRef = 2B53BDFD2977F36900B43A7F /* miniTwitterTests.swift */; };
		2B53BE082977F36900B43A7F /* miniTwitterUITests.swift in Sources */ = {isa = PBXBuildFile; fileRef = 2B53BE072977F36900B43A7F /* miniTwitterUITests.swift */; };
		2B53BE0A2977F36900B43A7F /* miniTwitterUITestsLaunchTests.swift in Sources */ = {isa = PBXBuildFile; fileRef = 2B53BE092977F36900B43A7F /* miniTwitterUITestsLaunchTests.swift */; };
		2B53BE1A2977F7A300B43A7F /* HomeViewController.swift in Sources */ = {isa = PBXBuildFile; fileRef = 2B53BE182977F7A300B43A7F /* HomeViewController.swift */; };
		2B53BE1B2977F7A300B43A7F /* HomeViewController.xib in Resources */ = {isa = PBXBuildFile; fileRef = 2B53BE192977F7A300B43A7F /* HomeViewController.xib */; };
		2B53BE1F2978312600B43A7F /* UITextField+extension.swift in Sources */ = {isa = PBXBuildFile; fileRef = 2B53BE1D2978312600B43A7F /* UITextField+extension.swift */; };
		2B53BE202978312600B43A7F /* UIView+extension.swift in Sources */ = {isa = PBXBuildFile; fileRef = 2B53BE1E2978312600B43A7F /* UIView+extension.swift */; };
		2B53BE232978319E00B43A7F /* CustomButton.swift in Sources */ = {isa = PBXBuildFile; fileRef = 2B53BE222978319E00B43A7F /* CustomButton.swift */; };
		2B53BE25297831D100B43A7F /* UIColor+extension.swift in Sources */ = {isa = PBXBuildFile; fileRef = 2B53BE24297831D100B43A7F /* UIColor+extension.swift */; };
		2B53BE272978EBF700B43A7F /* ApiKeys.swift in Sources */ = {isa = PBXBuildFile; fileRef = 2B53BE262978EBF700B43A7F /* ApiKeys.swift */; };
		2B53BE2A2978ED3400B43A7F /* ApiManager+enums.swift in Sources */ = {isa = PBXBuildFile; fileRef = 2B53BE292978ED3400B43A7F /* ApiManager+enums.swift */; };
		2B53BE2C2978EDDB00B43A7F /* ApiManager.swift in Sources */ = {isa = PBXBuildFile; fileRef = 2B53BE2B2978EDDB00B43A7F /* ApiManager.swift */; };
		2B53BE2E2978F6C600B43A7F /* ApiManager+request.swift in Sources */ = {isa = PBXBuildFile; fileRef = 2B53BE2D2978F6C600B43A7F /* ApiManager+request.swift */; };
		2B53BE302979397200B43A7F /* HomeViewModel.swift in Sources */ = {isa = PBXBuildFile; fileRef = 2B53BE2F2979397200B43A7F /* HomeViewModel.swift */; };
		2B53BE322979420500B43A7F /* KeyChain.swift in Sources */ = {isa = PBXBuildFile; fileRef = 2B53BE312979420500B43A7F /* KeyChain.swift */; };
		2B53BE34297942FC00B43A7F /* Data+extension.swift in Sources */ = {isa = PBXBuildFile; fileRef = 2B53BE33297942FC00B43A7F /* Data+extension.swift */; };
		2B53BE36297945AA00B43A7F /* UiAlertController+extension.swift in Sources */ = {isa = PBXBuildFile; fileRef = 2B53BE35297945AA00B43A7F /* UiAlertController+extension.swift */; };
		2B53BE3A2979479000B43A7F /* FeedViewController.swift in Sources */ = {isa = PBXBuildFile; fileRef = 2B53BE382979479000B43A7F /* FeedViewController.swift */; };
		2B53BE3B2979479000B43A7F /* FeedViewController.xib in Resources */ = {isa = PBXBuildFile; fileRef = 2B53BE392979479000B43A7F /* FeedViewController.xib */; };
		2B53BE3D2979479E00B43A7F /* FeedViewModel.swift in Sources */ = {isa = PBXBuildFile; fileRef = 2B53BE3C2979479E00B43A7F /* FeedViewModel.swift */; };
		2B53BE3F297950F300B43A7F /* BaseViewController.swift in Sources */ = {isa = PBXBuildFile; fileRef = 2B53BE3E297950F300B43A7F /* BaseViewController.swift */; };
		2BFC012B297AA6BA005A64EF /* User.swift in Sources */ = {isa = PBXBuildFile; fileRef = 2BFC012A297AA6BA005A64EF /* User.swift */; };
		2BFC012D297AB6EF005A64EF /* Tweet.swift in Sources */ = {isa = PBXBuildFile; fileRef = 2BFC012C297AB6EF005A64EF /* Tweet.swift */; };
		2BFC0130297AD298005A64EF /* FeedTableViewCell.swift in Sources */ = {isa = PBXBuildFile; fileRef = 2BFC012E297AD298005A64EF /* FeedTableViewCell.swift */; };
		2BFC0131297AD298005A64EF /* FeedTableViewCell.xib in Resources */ = {isa = PBXBuildFile; fileRef = 2BFC012F297AD298005A64EF /* FeedTableViewCell.xib */; };
		2BFC0133297AE27E005A64EF /* UIImageView+extension.swift in Sources */ = {isa = PBXBuildFile; fileRef = 2BFC0132297AE27E005A64EF /* UIImageView+extension.swift */; };
		3711B90BFF92F6BFCDBC0465 /* Pods_miniTwitter.framework in Frameworks */ = {isa = PBXBuildFile; fileRef = 104B6294472CAFB79D05BBF3 /* Pods_miniTwitter.framework */; };
		D41528D22A5386AE72CB6A5C /* Pods_miniTwitterTests.framework in Frameworks */ = {isa = PBXBuildFile; fileRef = 38B79C6A97A050820F66B307 /* Pods_miniTwitterTests.framework */; };
/* End PBXBuildFile section */

/* Begin PBXContainerItemProxy section */
		2B53BDFA2977F36900B43A7F /* PBXContainerItemProxy */ = {
			isa = PBXContainerItemProxy;
			containerPortal = 2B53BDDB2977F36800B43A7F /* Project object */;
			proxyType = 1;
			remoteGlobalIDString = 2B53BDE22977F36800B43A7F;
			remoteInfo = miniTwitter;
		};
		2B53BE042977F36900B43A7F /* PBXContainerItemProxy */ = {
			isa = PBXContainerItemProxy;
			containerPortal = 2B53BDDB2977F36800B43A7F /* Project object */;
			proxyType = 1;
			remoteGlobalIDString = 2B53BDE22977F36800B43A7F;
			remoteInfo = miniTwitter;
		};
/* End PBXContainerItemProxy section */

/* Begin PBXFileReference section */
		0047B5032D308519C4B7E069 /* Pods-miniTwitter.debug.xcconfig */ = {isa = PBXFileReference; includeInIndex = 1; lastKnownFileType = text.xcconfig; name = "Pods-miniTwitter.debug.xcconfig"; path = "Target Support Files/Pods-miniTwitter/Pods-miniTwitter.debug.xcconfig"; sourceTree = "<group>"; };
		104B6294472CAFB79D05BBF3 /* Pods_miniTwitter.framework */ = {isa = PBXFileReference; explicitFileType = wrapper.framework; includeInIndex = 0; path = Pods_miniTwitter.framework; sourceTree = BUILT_PRODUCTS_DIR; };
		2B3D776B297D577C0065F074 /* OAuthSwift.framework */ = {isa = PBXFileReference; explicitFileType = wrapper.framework; path = OAuthSwift.framework; sourceTree = BUILT_PRODUCTS_DIR; };
		2B3D776D297D577F0065F074 /* KeychainSwift.framework */ = {isa = PBXFileReference; explicitFileType = wrapper.framework; path = KeychainSwift.framework; sourceTree = BUILT_PRODUCTS_DIR; };
		2B507256297BC8A3004ACE1B /* CreatePostViewController.swift */ = {isa = PBXFileReference; lastKnownFileType = sourcecode.swift; path = CreatePostViewController.swift; sourceTree = "<group>"; };
		2B507257297BC8A3004ACE1B /* CreatePostViewController.xib */ = {isa = PBXFileReference; lastKnownFileType = file.xib; path = CreatePostViewController.xib; sourceTree = "<group>"; };
		2B50725A297BCFF7004ACE1B /* CreatePostViewModel.swift */ = {isa = PBXFileReference; lastKnownFileType = sourcecode.swift; path = CreatePostViewModel.swift; sourceTree = "<group>"; };
		2B50725C297BEB26004ACE1B /* String+extension.swift */ = {isa = PBXFileReference; lastKnownFileType = sourcecode.swift; path = "String+extension.swift"; sourceTree = "<group>"; };
		2B53BDE32977F36800B43A7F /* miniTwitter.app */ = {isa = PBXFileReference; explicitFileType = wrapper.application; includeInIndex = 0; path = miniTwitter.app; sourceTree = BUILT_PRODUCTS_DIR; };
		2B53BDE62977F36800B43A7F /* AppDelegate.swift */ = {isa = PBXFileReference; lastKnownFileType = sourcecode.swift; path = AppDelegate.swift; sourceTree = "<group>"; };
		2B53BDE82977F36800B43A7F /* SceneDelegate.swift */ = {isa = PBXFileReference; lastKnownFileType = sourcecode.swift; path = SceneDelegate.swift; sourceTree = "<group>"; };
		2B53BDEF2977F36900B43A7F /* Assets.xcassets */ = {isa = PBXFileReference; lastKnownFileType = folder.assetcatalog; path = Assets.xcassets; sourceTree = "<group>"; };
		2B53BDF22977F36900B43A7F /* Base */ = {isa = PBXFileReference; lastKnownFileType = file.storyboard; name = Base; path = Base.lproj/LaunchScreen.storyboard; sourceTree = "<group>"; };
		2B53BDF42977F36900B43A7F /* Info.plist */ = {isa = PBXFileReference; lastKnownFileType = text.plist.xml; path = Info.plist; sourceTree = "<group>"; };
		2B53BDF92977F36900B43A7F /* miniTwitterTests.xctest */ = {isa = PBXFileReference; explicitFileType = wrapper.cfbundle; includeInIndex = 0; path = miniTwitterTests.xctest; sourceTree = BUILT_PRODUCTS_DIR; };
		2B53BDFD2977F36900B43A7F /* miniTwitterTests.swift */ = {isa = PBXFileReference; lastKnownFileType = sourcecode.swift; path = miniTwitterTests.swift; sourceTree = "<group>"; };
		2B53BE032977F36900B43A7F /* miniTwitterUITests.xctest */ = {isa = PBXFileReference; explicitFileType = wrapper.cfbundle; includeInIndex = 0; path = miniTwitterUITests.xctest; sourceTree = BUILT_PRODUCTS_DIR; };
		2B53BE072977F36900B43A7F /* miniTwitterUITests.swift */ = {isa = PBXFileReference; lastKnownFileType = sourcecode.swift; path = miniTwitterUITests.swift; sourceTree = "<group>"; };
		2B53BE092977F36900B43A7F /* miniTwitterUITestsLaunchTests.swift */ = {isa = PBXFileReference; lastKnownFileType = sourcecode.swift; path = miniTwitterUITestsLaunchTests.swift; sourceTree = "<group>"; };
		2B53BE182977F7A300B43A7F /* HomeViewController.swift */ = {isa = PBXFileReference; lastKnownFileType = sourcecode.swift; path = HomeViewController.swift; sourceTree = "<group>"; };
		2B53BE192977F7A300B43A7F /* HomeViewController.xib */ = {isa = PBXFileReference; lastKnownFileType = file.xib; path = HomeViewController.xib; sourceTree = "<group>"; };
		2B53BE1D2978312600B43A7F /* UITextField+extension.swift */ = {isa = PBXFileReference; fileEncoding = 4; lastKnownFileType = sourcecode.swift; path = "UITextField+extension.swift"; sourceTree = "<group>"; };
		2B53BE1E2978312600B43A7F /* UIView+extension.swift */ = {isa = PBXFileReference; fileEncoding = 4; lastKnownFileType = sourcecode.swift; path = "UIView+extension.swift"; sourceTree = "<group>"; };
		2B53BE222978319E00B43A7F /* CustomButton.swift */ = {isa = PBXFileReference; lastKnownFileType = sourcecode.swift; path = CustomButton.swift; sourceTree = "<group>"; };
		2B53BE24297831D100B43A7F /* UIColor+extension.swift */ = {isa = PBXFileReference; lastKnownFileType = sourcecode.swift; path = "UIColor+extension.swift"; sourceTree = "<group>"; };
		2B53BE262978EBF700B43A7F /* ApiKeys.swift */ = {isa = PBXFileReference; lastKnownFileType = sourcecode.swift; path = ApiKeys.swift; sourceTree = "<group>"; };
		2B53BE292978ED3400B43A7F /* ApiManager+enums.swift */ = {isa = PBXFileReference; lastKnownFileType = sourcecode.swift; path = "ApiManager+enums.swift"; sourceTree = "<group>"; };
		2B53BE2B2978EDDB00B43A7F /* ApiManager.swift */ = {isa = PBXFileReference; lastKnownFileType = sourcecode.swift; path = ApiManager.swift; sourceTree = "<group>"; };
		2B53BE2D2978F6C600B43A7F /* ApiManager+request.swift */ = {isa = PBXFileReference; lastKnownFileType = sourcecode.swift; path = "ApiManager+request.swift"; sourceTree = "<group>"; };
		2B53BE2F2979397200B43A7F /* HomeViewModel.swift */ = {isa = PBXFileReference; lastKnownFileType = sourcecode.swift; path = HomeViewModel.swift; sourceTree = "<group>"; };
		2B53BE312979420500B43A7F /* KeyChain.swift */ = {isa = PBXFileReference; lastKnownFileType = sourcecode.swift; path = KeyChain.swift; sourceTree = "<group>"; };
		2B53BE33297942FC00B43A7F /* Data+extension.swift */ = {isa = PBXFileReference; lastKnownFileType = sourcecode.swift; path = "Data+extension.swift"; sourceTree = "<group>"; };
		2B53BE35297945AA00B43A7F /* UiAlertController+extension.swift */ = {isa = PBXFileReference; lastKnownFileType = sourcecode.swift; path = "UiAlertController+extension.swift"; sourceTree = "<group>"; };
		2B53BE382979479000B43A7F /* FeedViewController.swift */ = {isa = PBXFileReference; lastKnownFileType = sourcecode.swift; path = FeedViewController.swift; sourceTree = "<group>"; };
		2B53BE392979479000B43A7F /* FeedViewController.xib */ = {isa = PBXFileReference; lastKnownFileType = file.xib; path = FeedViewController.xib; sourceTree = "<group>"; };
		2B53BE3C2979479E00B43A7F /* FeedViewModel.swift */ = {isa = PBXFileReference; lastKnownFileType = sourcecode.swift; path = FeedViewModel.swift; sourceTree = "<group>"; };
		2B53BE3E297950F300B43A7F /* BaseViewController.swift */ = {isa = PBXFileReference; lastKnownFileType = sourcecode.swift; path = BaseViewController.swift; sourceTree = "<group>"; };
		2BFC012A297AA6BA005A64EF /* User.swift */ = {isa = PBXFileReference; lastKnownFileType = sourcecode.swift; path = User.swift; sourceTree = "<group>"; };
		2BFC012C297AB6EF005A64EF /* Tweet.swift */ = {isa = PBXFileReference; lastKnownFileType = sourcecode.swift; path = Tweet.swift; sourceTree = "<group>"; };
		2BFC012E297AD298005A64EF /* FeedTableViewCell.swift */ = {isa = PBXFileReference; lastKnownFileType = sourcecode.swift; path = FeedTableViewCell.swift; sourceTree = "<group>"; };
		2BFC012F297AD298005A64EF /* FeedTableViewCell.xib */ = {isa = PBXFileReference; lastKnownFileType = file.xib; path = FeedTableViewCell.xib; sourceTree = "<group>"; };
		2BFC0132297AE27E005A64EF /* UIImageView+extension.swift */ = {isa = PBXFileReference; lastKnownFileType = sourcecode.swift; path = "UIImageView+extension.swift"; sourceTree = "<group>"; };
		38B79C6A97A050820F66B307 /* Pods_miniTwitterTests.framework */ = {isa = PBXFileReference; explicitFileType = wrapper.framework; includeInIndex = 0; path = Pods_miniTwitterTests.framework; sourceTree = BUILT_PRODUCTS_DIR; };
		3BB712B9C7C4FC0F07AEB8C2 /* Pods-miniTwitter-miniTwitterUITests.release.xcconfig */ = {isa = PBXFileReference; includeInIndex = 1; lastKnownFileType = text.xcconfig; name = "Pods-miniTwitter-miniTwitterUITests.release.xcconfig"; path = "Target Support Files/Pods-miniTwitter-miniTwitterUITests/Pods-miniTwitter-miniTwitterUITests.release.xcconfig"; sourceTree = "<group>"; };
		50973442C6D946EF3E48DD45 /* Pods-miniTwitter-miniTwitterUITests.debug.xcconfig */ = {isa = PBXFileReference; includeInIndex = 1; lastKnownFileType = text.xcconfig; name = "Pods-miniTwitter-miniTwitterUITests.debug.xcconfig"; path = "Target Support Files/Pods-miniTwitter-miniTwitterUITests/Pods-miniTwitter-miniTwitterUITests.debug.xcconfig"; sourceTree = "<group>"; };
		ABA6330CCBB895F0087FEDC2 /* Pods_miniTwitter_miniTwitterUITests.framework */ = {isa = PBXFileReference; explicitFileType = wrapper.framework; includeInIndex = 0; path = Pods_miniTwitter_miniTwitterUITests.framework; sourceTree = BUILT_PRODUCTS_DIR; };
		C5ADC055942CD61538CB8AB1 /* Pods-miniTwitterTests.debug.xcconfig */ = {isa = PBXFileReference; includeInIndex = 1; lastKnownFileType = text.xcconfig; name = "Pods-miniTwitterTests.debug.xcconfig"; path = "Target Support Files/Pods-miniTwitterTests/Pods-miniTwitterTests.debug.xcconfig"; sourceTree = "<group>"; };
		CCDD3AA34CEF4AC8C2EBBBA7 /* Pods-miniTwitterTests.release.xcconfig */ = {isa = PBXFileReference; includeInIndex = 1; lastKnownFileType = text.xcconfig; name = "Pods-miniTwitterTests.release.xcconfig"; path = "Target Support Files/Pods-miniTwitterTests/Pods-miniTwitterTests.release.xcconfig"; sourceTree = "<group>"; };
		DD19F98B740BEF92CD179242 /* Pods-miniTwitter.release.xcconfig */ = {isa = PBXFileReference; includeInIndex = 1; lastKnownFileType = text.xcconfig; name = "Pods-miniTwitter.release.xcconfig"; path = "Target Support Files/Pods-miniTwitter/Pods-miniTwitter.release.xcconfig"; sourceTree = "<group>"; };
/* End PBXFileReference section */

/* Begin PBXFrameworksBuildPhase section */
		2B53BDE02977F36800B43A7F /* Frameworks */ = {
			isa = PBXFrameworksBuildPhase;
			buildActionMask = 2147483647;
			files = (
				3711B90BFF92F6BFCDBC0465 /* Pods_miniTwitter.framework in Frameworks */,
			);
			runOnlyForDeploymentPostprocessing = 0;
		};
		2B53BDF62977F36900B43A7F /* Frameworks */ = {
			isa = PBXFrameworksBuildPhase;
			buildActionMask = 2147483647;
			files = (
				D41528D22A5386AE72CB6A5C /* Pods_miniTwitterTests.framework in Frameworks */,
			);
			runOnlyForDeploymentPostprocessing = 0;
		};
		2B53BE002977F36900B43A7F /* Frameworks */ = {
			isa = PBXFrameworksBuildPhase;
			buildActionMask = 2147483647;
			files = (
				1137AA85A12FBAB5FF8F2CEB /* Pods_miniTwitter_miniTwitterUITests.framework in Frameworks */,
			);
			runOnlyForDeploymentPostprocessing = 0;
		};
/* End PBXFrameworksBuildPhase section */

/* Begin PBXGroup section */
		2B507255297BC877004ACE1B /* createPost */ = {
			isa = PBXGroup;
			children = (
				2B50725A297BCFF7004ACE1B /* CreatePostViewModel.swift */,
				2B507256297BC8A3004ACE1B /* CreatePostViewController.swift */,
				2B507257297BC8A3004ACE1B /* CreatePostViewController.xib */,
			);
			path = createPost;
			sourceTree = "<group>";
		};
		2B53BDDA2977F36800B43A7F = {
			isa = PBXGroup;
			children = (
				2B53BDE52977F36800B43A7F /* miniTwitter */,
				2B53BDFC2977F36900B43A7F /* miniTwitterTests */,
				2B53BE062977F36900B43A7F /* miniTwitterUITests */,
				2B53BDE42977F36800B43A7F /* Products */,
				551E6161CCADD770E8BFBF67 /* Pods */,
				5901843812E1739793D93453 /* Frameworks */,
			);
			sourceTree = "<group>";
		};
		2B53BDE42977F36800B43A7F /* Products */ = {
			isa = PBXGroup;
			children = (
				2B53BDE32977F36800B43A7F /* miniTwitter.app */,
				2B53BDF92977F36900B43A7F /* miniTwitterTests.xctest */,
				2B53BE032977F36900B43A7F /* miniTwitterUITests.xctest */,
			);
			name = Products;
			sourceTree = "<group>";
		};
		2B53BDE52977F36800B43A7F /* miniTwitter */ = {
			isa = PBXGroup;
			children = (
				2B53BDE62977F36800B43A7F /* AppDelegate.swift */,
				2B53BDE82977F36800B43A7F /* SceneDelegate.swift */,
				2BFC0129297AA6AA005A64EF /* models */,
				2B53BE282978ED0C00B43A7F /* api */,
				2B53BE212978317A00B43A7F /* customClasses */,
				2B53BE1C2978310700B43A7F /* extensions */,
				2B53BE162977F75C00B43A7F /* controllers */,
				2B53BDEF2977F36900B43A7F /* Assets.xcassets */,
				2B53BDF12977F36900B43A7F /* LaunchScreen.storyboard */,
				2B53BDF42977F36900B43A7F /* Info.plist */,
			);
			path = miniTwitter;
			sourceTree = "<group>";
		};
		2B53BDFC2977F36900B43A7F /* miniTwitterTests */ = {
			isa = PBXGroup;
			children = (
				2B53BDFD2977F36900B43A7F /* miniTwitterTests.swift */,
			);
			path = miniTwitterTests;
			sourceTree = "<group>";
		};
		2B53BE062977F36900B43A7F /* miniTwitterUITests */ = {
			isa = PBXGroup;
			children = (
				2B53BE072977F36900B43A7F /* miniTwitterUITests.swift */,
				2B53BE092977F36900B43A7F /* miniTwitterUITestsLaunchTests.swift */,
			);
			path = miniTwitterUITests;
			sourceTree = "<group>";
		};
		2B53BE162977F75C00B43A7F /* controllers */ = {
			isa = PBXGroup;
			children = (
				2B507255297BC877004ACE1B /* createPost */,
				2B53BE372979476100B43A7F /* feed */,
				2B53BE172977F76500B43A7F /* login */,
				2B53BE3E297950F300B43A7F /* BaseViewController.swift */,
			);
			path = controllers;
			sourceTree = "<group>";
		};
		2B53BE172977F76500B43A7F /* login */ = {
			isa = PBXGroup;
			children = (
				2B53BE182977F7A300B43A7F /* HomeViewController.swift */,
				2B53BE192977F7A300B43A7F /* HomeViewController.xib */,
				2B53BE2F2979397200B43A7F /* HomeViewModel.swift */,
			);
			path = login;
			sourceTree = "<group>";
		};
		2B53BE1C2978310700B43A7F /* extensions */ = {
			isa = PBXGroup;
			children = (
				2B53BE1D2978312600B43A7F /* UITextField+extension.swift */,
				2B53BE1E2978312600B43A7F /* UIView+extension.swift */,
				2B53BE24297831D100B43A7F /* UIColor+extension.swift */,
				2B53BE33297942FC00B43A7F /* Data+extension.swift */,
				2B53BE35297945AA00B43A7F /* UiAlertController+extension.swift */,
				2BFC0132297AE27E005A64EF /* UIImageView+extension.swift */,
				2B50725C297BEB26004ACE1B /* String+extension.swift */,
			);
			path = extensions;
			sourceTree = "<group>";
		};
		2B53BE212978317A00B43A7F /* customClasses */ = {
			isa = PBXGroup;
			children = (
				2B53BE222978319E00B43A7F /* CustomButton.swift */,
			);
			path = customClasses;
			sourceTree = "<group>";
		};
		2B53BE282978ED0C00B43A7F /* api */ = {
			isa = PBXGroup;
			children = (
				2B53BE262978EBF700B43A7F /* ApiKeys.swift */,
				2B53BE2B2978EDDB00B43A7F /* ApiManager.swift */,
				2B53BE2D2978F6C600B43A7F /* ApiManager+request.swift */,
				2B53BE292978ED3400B43A7F /* ApiManager+enums.swift */,
				2B53BE312979420500B43A7F /* KeyChain.swift */,
			);
			path = api;
			sourceTree = "<group>";
		};
		2B53BE372979476100B43A7F /* feed */ = {
			isa = PBXGroup;
			children = (
				2B53BE382979479000B43A7F /* FeedViewController.swift */,
				2B53BE392979479000B43A7F /* FeedViewController.xib */,
				2B53BE3C2979479E00B43A7F /* FeedViewModel.swift */,
				2BFC012E297AD298005A64EF /* FeedTableViewCell.swift */,
				2BFC012F297AD298005A64EF /* FeedTableViewCell.xib */,
			);
			path = feed;
			sourceTree = "<group>";
		};
		2BFC0129297AA6AA005A64EF /* models */ = {
			isa = PBXGroup;
			children = (
				2BFC012A297AA6BA005A64EF /* User.swift */,
				2BFC012C297AB6EF005A64EF /* Tweet.swift */,
			);
			path = models;
			sourceTree = "<group>";
		};
		551E6161CCADD770E8BFBF67 /* Pods */ = {
			isa = PBXGroup;
			children = (
				0047B5032D308519C4B7E069 /* Pods-miniTwitter.debug.xcconfig */,
				DD19F98B740BEF92CD179242 /* Pods-miniTwitter.release.xcconfig */,
				50973442C6D946EF3E48DD45 /* Pods-miniTwitter-miniTwitterUITests.debug.xcconfig */,
				3BB712B9C7C4FC0F07AEB8C2 /* Pods-miniTwitter-miniTwitterUITests.release.xcconfig */,
				C5ADC055942CD61538CB8AB1 /* Pods-miniTwitterTests.debug.xcconfig */,
				CCDD3AA34CEF4AC8C2EBBBA7 /* Pods-miniTwitterTests.release.xcconfig */,
			);
			path = Pods;
			sourceTree = "<group>";
		};
		5901843812E1739793D93453 /* Frameworks */ = {
			isa = PBXGroup;
			children = (
				2B3D776D297D577F0065F074 /* KeychainSwift.framework */,
				2B3D776B297D577C0065F074 /* OAuthSwift.framework */,
				104B6294472CAFB79D05BBF3 /* Pods_miniTwitter.framework */,
				ABA6330CCBB895F0087FEDC2 /* Pods_miniTwitter_miniTwitterUITests.framework */,
				38B79C6A97A050820F66B307 /* Pods_miniTwitterTests.framework */,
			);
			name = Frameworks;
			sourceTree = "<group>";
		};
/* End PBXGroup section */

/* Begin PBXNativeTarget section */
		2B53BDE22977F36800B43A7F /* miniTwitter */ = {
			isa = PBXNativeTarget;
			buildConfigurationList = 2B53BE0D2977F36900B43A7F /* Build configuration list for PBXNativeTarget "miniTwitter" */;
			buildPhases = (
				D5F0EDEBC5857FF4B914D0BB /* [CP] Check Pods Manifest.lock */,
				2B53BDDF2977F36800B43A7F /* Sources */,
				2B53BDE02977F36800B43A7F /* Frameworks */,
				2B53BDE12977F36800B43A7F /* Resources */,
				70F3C03B0E36AA6FE4924077 /* [CP] Embed Pods Frameworks */,
			);
			buildRules = (
			);
			dependencies = (
			);
			name = miniTwitter;
			productName = miniTwitter;
			productReference = 2B53BDE32977F36800B43A7F /* miniTwitter.app */;
			productType = "com.apple.product-type.application";
		};
		2B53BDF82977F36900B43A7F /* miniTwitterTests */ = {
			isa = PBXNativeTarget;
			buildConfigurationList = 2B53BE102977F36900B43A7F /* Build configuration list for PBXNativeTarget "miniTwitterTests" */;
			buildPhases = (
				6A1D6589DF246781AA00E448 /* [CP] Check Pods Manifest.lock */,
				2B53BDF52977F36900B43A7F /* Sources */,
				2B53BDF62977F36900B43A7F /* Frameworks */,
				2B53BDF72977F36900B43A7F /* Resources */,
			);
			buildRules = (
			);
			dependencies = (
				2B53BDFB2977F36900B43A7F /* PBXTargetDependency */,
			);
			name = miniTwitterTests;
			productName = miniTwitterTests;
			productReference = 2B53BDF92977F36900B43A7F /* miniTwitterTests.xctest */;
			productType = "com.apple.product-type.bundle.unit-test";
		};
		2B53BE022977F36900B43A7F /* miniTwitterUITests */ = {
			isa = PBXNativeTarget;
			buildConfigurationList = 2B53BE132977F36900B43A7F /* Build configuration list for PBXNativeTarget "miniTwitterUITests" */;
			buildPhases = (
				1B1456B61F392B54B0605BC1 /* [CP] Check Pods Manifest.lock */,
				2B53BDFF2977F36900B43A7F /* Sources */,
				2B53BE002977F36900B43A7F /* Frameworks */,
				2B53BE012977F36900B43A7F /* Resources */,
				98BE44CBD9D1FD3D3D6519EF /* [CP] Embed Pods Frameworks */,
			);
			buildRules = (
			);
			dependencies = (
				2B53BE052977F36900B43A7F /* PBXTargetDependency */,
			);
			name = miniTwitterUITests;
			productName = miniTwitterUITests;
			productReference = 2B53BE032977F36900B43A7F /* miniTwitterUITests.xctest */;
			productType = "com.apple.product-type.bundle.ui-testing";
		};
/* End PBXNativeTarget section */

/* Begin PBXProject section */
		2B53BDDB2977F36800B43A7F /* Project object */ = {
			isa = PBXProject;
			attributes = {
				BuildIndependentTargetsInParallel = 1;
				LastSwiftUpdateCheck = 1420;
				LastUpgradeCheck = 1420;
				TargetAttributes = {
					2B53BDE22977F36800B43A7F = {
						CreatedOnToolsVersion = 14.2;
					};
					2B53BDF82977F36900B43A7F = {
						CreatedOnToolsVersion = 14.2;
						TestTargetID = 2B53BDE22977F36800B43A7F;
					};
					2B53BE022977F36900B43A7F = {
						CreatedOnToolsVersion = 14.2;
						TestTargetID = 2B53BDE22977F36800B43A7F;
					};
				};
			};
			buildConfigurationList = 2B53BDDE2977F36800B43A7F /* Build configuration list for PBXProject "miniTwitter" */;
			compatibilityVersion = "Xcode 14.0";
			developmentRegion = en;
			hasScannedForEncodings = 0;
			knownRegions = (
				en,
				Base,
			);
			mainGroup = 2B53BDDA2977F36800B43A7F;
			productRefGroup = 2B53BDE42977F36800B43A7F /* Products */;
			projectDirPath = "";
			projectRoot = "";
			targets = (
				2B53BDE22977F36800B43A7F /* miniTwitter */,
				2B53BDF82977F36900B43A7F /* miniTwitterTests */,
				2B53BE022977F36900B43A7F /* miniTwitterUITests */,
			);
		};
/* End PBXProject section */

/* Begin PBXResourcesBuildPhase section */
		2B53BDE12977F36800B43A7F /* Resources */ = {
			isa = PBXResourcesBuildPhase;
			buildActionMask = 2147483647;
			files = (
				2B507259297BC8A3004ACE1B /* CreatePostViewController.xib in Resources */,
				2B53BDF32977F36900B43A7F /* LaunchScreen.storyboard in Resources */,
				2BFC0131297AD298005A64EF /* FeedTableViewCell.xib in Resources */,
				2B53BDF02977F36900B43A7F /* Assets.xcassets in Resources */,
				2B53BE3B2979479000B43A7F /* FeedViewController.xib in Resources */,
				2B53BE1B2977F7A300B43A7F /* HomeViewController.xib in Resources */,
			);
			runOnlyForDeploymentPostprocessing = 0;
		};
		2B53BDF72977F36900B43A7F /* Resources */ = {
			isa = PBXResourcesBuildPhase;
			buildActionMask = 2147483647;
			files = (
			);
			runOnlyForDeploymentPostprocessing = 0;
		};
		2B53BE012977F36900B43A7F /* Resources */ = {
			isa = PBXResourcesBuildPhase;
			buildActionMask = 2147483647;
			files = (
			);
			runOnlyForDeploymentPostprocessing = 0;
		};
/* End PBXResourcesBuildPhase section */

/* Begin PBXShellScriptBuildPhase section */
		1B1456B61F392B54B0605BC1 /* [CP] Check Pods Manifest.lock */ = {
			isa = PBXShellScriptBuildPhase;
			buildActionMask = 2147483647;
			files = (
			);
			inputFileListPaths = (
			);
			inputPaths = (
				"${PODS_PODFILE_DIR_PATH}/Podfile.lock",
				"${PODS_ROOT}/Manifest.lock",
			);
			name = "[CP] Check Pods Manifest.lock";
			outputFileListPaths = (
			);
			outputPaths = (
				"$(DERIVED_FILE_DIR)/Pods-miniTwitter-miniTwitterUITests-checkManifestLockResult.txt",
			);
			runOnlyForDeploymentPostprocessing = 0;
			shellPath = /bin/sh;
			shellScript = "diff \"${PODS_PODFILE_DIR_PATH}/Podfile.lock\" \"${PODS_ROOT}/Manifest.lock\" > /dev/null\nif [ $? != 0 ] ; then\n    # print error to STDERR\n    echo \"error: The sandbox is not in sync with the Podfile.lock. Run 'pod install' or update your CocoaPods installation.\" >&2\n    exit 1\nfi\n# This output is used by Xcode 'outputs' to avoid re-running this script phase.\necho \"SUCCESS\" > \"${SCRIPT_OUTPUT_FILE_0}\"\n";
			showEnvVarsInLog = 0;
		};
		6A1D6589DF246781AA00E448 /* [CP] Check Pods Manifest.lock */ = {
			isa = PBXShellScriptBuildPhase;
			buildActionMask = 2147483647;
			files = (
			);
			inputFileListPaths = (
			);
			inputPaths = (
				"${PODS_PODFILE_DIR_PATH}/Podfile.lock",
				"${PODS_ROOT}/Manifest.lock",
			);
			name = "[CP] Check Pods Manifest.lock";
			outputFileListPaths = (
			);
			outputPaths = (
				"$(DERIVED_FILE_DIR)/Pods-miniTwitterTests-checkManifestLockResult.txt",
			);
			runOnlyForDeploymentPostprocessing = 0;
			shellPath = /bin/sh;
			shellScript = "diff \"${PODS_PODFILE_DIR_PATH}/Podfile.lock\" \"${PODS_ROOT}/Manifest.lock\" > /dev/null\nif [ $? != 0 ] ; then\n    # print error to STDERR\n    echo \"error: The sandbox is not in sync with the Podfile.lock. Run 'pod install' or update your CocoaPods installation.\" >&2\n    exit 1\nfi\n# This output is used by Xcode 'outputs' to avoid re-running this script phase.\necho \"SUCCESS\" > \"${SCRIPT_OUTPUT_FILE_0}\"\n";
			showEnvVarsInLog = 0;
		};
		70F3C03B0E36AA6FE4924077 /* [CP] Embed Pods Frameworks */ = {
			isa = PBXShellScriptBuildPhase;
			buildActionMask = 2147483647;
			files = (
			);
			inputFileListPaths = (
				"${PODS_ROOT}/Target Support Files/Pods-miniTwitter/Pods-miniTwitter-frameworks-${CONFIGURATION}-input-files.xcfilelist",
			);
			name = "[CP] Embed Pods Frameworks";
			outputFileListPaths = (
				"${PODS_ROOT}/Target Support Files/Pods-miniTwitter/Pods-miniTwitter-frameworks-${CONFIGURATION}-output-files.xcfilelist",
			);
			runOnlyForDeploymentPostprocessing = 0;
			shellPath = /bin/sh;
			shellScript = "\"${PODS_ROOT}/Target Support Files/Pods-miniTwitter/Pods-miniTwitter-frameworks.sh\"\n";
			showEnvVarsInLog = 0;
		};
		98BE44CBD9D1FD3D3D6519EF /* [CP] Embed Pods Frameworks */ = {
			isa = PBXShellScriptBuildPhase;
			buildActionMask = 2147483647;
			files = (
			);
			inputFileListPaths = (
				"${PODS_ROOT}/Target Support Files/Pods-miniTwitter-miniTwitterUITests/Pods-miniTwitter-miniTwitterUITests-frameworks-${CONFIGURATION}-input-files.xcfilelist",
			);
			name = "[CP] Embed Pods Frameworks";
			outputFileListPaths = (
				"${PODS_ROOT}/Target Support Files/Pods-miniTwitter-miniTwitterUITests/Pods-miniTwitter-miniTwitterUITests-frameworks-${CONFIGURATION}-output-files.xcfilelist",
			);
			runOnlyForDeploymentPostprocessing = 0;
			shellPath = /bin/sh;
			shellScript = "\"${PODS_ROOT}/Target Support Files/Pods-miniTwitter-miniTwitterUITests/Pods-miniTwitter-miniTwitterUITests-frameworks.sh\"\n";
			showEnvVarsInLog = 0;
		};
		D5F0EDEBC5857FF4B914D0BB /* [CP] Check Pods Manifest.lock */ = {
			isa = PBXShellScriptBuildPhase;
			buildActionMask = 2147483647;
			files = (
			);
			inputFileListPaths = (
			);
			inputPaths = (
				"${PODS_PODFILE_DIR_PATH}/Podfile.lock",
				"${PODS_ROOT}/Manifest.lock",
			);
			name = "[CP] Check Pods Manifest.lock";
			outputFileListPaths = (
			);
			outputPaths = (
				"$(DERIVED_FILE_DIR)/Pods-miniTwitter-checkManifestLockResult.txt",
			);
			runOnlyForDeploymentPostprocessing = 0;
			shellPath = /bin/sh;
			shellScript = "diff \"${PODS_PODFILE_DIR_PATH}/Podfile.lock\" \"${PODS_ROOT}/Manifest.lock\" > /dev/null\nif [ $? != 0 ] ; then\n    # print error to STDERR\n    echo \"error: The sandbox is not in sync with the Podfile.lock. Run 'pod install' or update your CocoaPods installation.\" >&2\n    exit 1\nfi\n# This output is used by Xcode 'outputs' to avoid re-running this script phase.\necho \"SUCCESS\" > \"${SCRIPT_OUTPUT_FILE_0}\"\n";
			showEnvVarsInLog = 0;
		};
/* End PBXShellScriptBuildPhase section */

/* Begin PBXSourcesBuildPhase section */
		2B53BDDF2977F36800B43A7F /* Sources */ = {
			isa = PBXSourcesBuildPhase;
			buildActionMask = 2147483647;
			files = (
				2B53BE202978312600B43A7F /* UIView+extension.swift in Sources */,
				2B53BE3D2979479E00B43A7F /* FeedViewModel.swift in Sources */,
				2B50725B297BCFF7004ACE1B /* CreatePostViewModel.swift in Sources */,
				2B53BE2A2978ED3400B43A7F /* ApiManager+enums.swift in Sources */,
				2B53BE2C2978EDDB00B43A7F /* ApiManager.swift in Sources */,
				2B53BDE72977F36800B43A7F /* AppDelegate.swift in Sources */,
				2B50725D297BEB26004ACE1B /* String+extension.swift in Sources */,
				2B53BE3F297950F300B43A7F /* BaseViewController.swift in Sources */,
				2B53BE232978319E00B43A7F /* CustomButton.swift in Sources */,
				2B53BE34297942FC00B43A7F /* Data+extension.swift in Sources */,
				2B507258297BC8A3004ACE1B /* CreatePostViewController.swift in Sources */,
				2B53BE3A2979479000B43A7F /* FeedViewController.swift in Sources */,
				2B53BE2E2978F6C600B43A7F /* ApiManager+request.swift in Sources */,
				2B53BE25297831D100B43A7F /* UIColor+extension.swift in Sources */,
				2BFC012D297AB6EF005A64EF /* Tweet.swift in Sources */,
				2B53BE36297945AA00B43A7F /* UiAlertController+extension.swift in Sources */,
				2B53BE302979397200B43A7F /* HomeViewModel.swift in Sources */,
				2B53BE1F2978312600B43A7F /* UITextField+extension.swift in Sources */,
				2B53BDE92977F36800B43A7F /* SceneDelegate.swift in Sources */,
				2BFC0130297AD298005A64EF /* FeedTableViewCell.swift in Sources */,
				2B53BE272978EBF700B43A7F /* ApiKeys.swift in Sources */,
				2B53BE1A2977F7A300B43A7F /* HomeViewController.swift in Sources */,
				2B53BE322979420500B43A7F /* KeyChain.swift in Sources */,
				2BFC0133297AE27E005A64EF /* UIImageView+extension.swift in Sources */,
				2BFC012B297AA6BA005A64EF /* User.swift in Sources */,
			);
			runOnlyForDeploymentPostprocessing = 0;
		};
		2B53BDF52977F36900B43A7F /* Sources */ = {
			isa = PBXSourcesBuildPhase;
			buildActionMask = 2147483647;
			files = (
				2B53BDFE2977F36900B43A7F /* miniTwitterTests.swift in Sources */,
			);
			runOnlyForDeploymentPostprocessing = 0;
		};
		2B53BDFF2977F36900B43A7F /* Sources */ = {
			isa = PBXSourcesBuildPhase;
			buildActionMask = 2147483647;
			files = (
				2B53BE082977F36900B43A7F /* miniTwitterUITests.swift in Sources */,
				2B53BE0A2977F36900B43A7F /* miniTwitterUITestsLaunchTests.swift in Sources */,
			);
			runOnlyForDeploymentPostprocessing = 0;
		};
/* End PBXSourcesBuildPhase section */

/* Begin PBXTargetDependency section */
		2B53BDFB2977F36900B43A7F /* PBXTargetDependency */ = {
			isa = PBXTargetDependency;
			target = 2B53BDE22977F36800B43A7F /* miniTwitter */;
			targetProxy = 2B53BDFA2977F36900B43A7F /* PBXContainerItemProxy */;
		};
		2B53BE052977F36900B43A7F /* PBXTargetDependency */ = {
			isa = PBXTargetDependency;
			target = 2B53BDE22977F36800B43A7F /* miniTwitter */;
			targetProxy = 2B53BE042977F36900B43A7F /* PBXContainerItemProxy */;
		};
/* End PBXTargetDependency section */

/* Begin PBXVariantGroup section */
		2B53BDF12977F36900B43A7F /* LaunchScreen.storyboard */ = {
			isa = PBXVariantGroup;
			children = (
				2B53BDF22977F36900B43A7F /* Base */,
			);
			name = LaunchScreen.storyboard;
			sourceTree = "<group>";
		};
/* End PBXVariantGroup section */

/* Begin XCBuildConfiguration section */
		2B53BE0B2977F36900B43A7F /* Debug */ = {
			isa = XCBuildConfiguration;
			buildSettings = {
				ALWAYS_SEARCH_USER_PATHS = NO;
				CLANG_ANALYZER_NONNULL = YES;
				CLANG_ANALYZER_NUMBER_OBJECT_CONVERSION = YES_AGGRESSIVE;
				CLANG_CXX_LANGUAGE_STANDARD = "gnu++20";
				CLANG_ENABLE_MODULES = YES;
				CLANG_ENABLE_OBJC_ARC = YES;
				CLANG_ENABLE_OBJC_WEAK = YES;
				CLANG_WARN_BLOCK_CAPTURE_AUTORELEASING = YES;
				CLANG_WARN_BOOL_CONVERSION = YES;
				CLANG_WARN_COMMA = YES;
				CLANG_WARN_CONSTANT_CONVERSION = YES;
				CLANG_WARN_DEPRECATED_OBJC_IMPLEMENTATIONS = YES;
				CLANG_WARN_DIRECT_OBJC_ISA_USAGE = YES_ERROR;
				CLANG_WARN_DOCUMENTATION_COMMENTS = YES;
				CLANG_WARN_EMPTY_BODY = YES;
				CLANG_WARN_ENUM_CONVERSION = YES;
				CLANG_WARN_INFINITE_RECURSION = YES;
				CLANG_WARN_INT_CONVERSION = YES;
				CLANG_WARN_NON_LITERAL_NULL_CONVERSION = YES;
				CLANG_WARN_OBJC_IMPLICIT_RETAIN_SELF = YES;
				CLANG_WARN_OBJC_LITERAL_CONVERSION = YES;
				CLANG_WARN_OBJC_ROOT_CLASS = YES_ERROR;
				CLANG_WARN_QUOTED_INCLUDE_IN_FRAMEWORK_HEADER = YES;
				CLANG_WARN_RANGE_LOOP_ANALYSIS = YES;
				CLANG_WARN_STRICT_PROTOTYPES = YES;
				CLANG_WARN_SUSPICIOUS_MOVE = YES;
				CLANG_WARN_UNGUARDED_AVAILABILITY = YES_AGGRESSIVE;
				CLANG_WARN_UNREACHABLE_CODE = YES;
				CLANG_WARN__DUPLICATE_METHOD_MATCH = YES;
				COPY_PHASE_STRIP = NO;
				DEBUG_INFORMATION_FORMAT = dwarf;
				ENABLE_STRICT_OBJC_MSGSEND = YES;
				ENABLE_TESTABILITY = YES;
				GCC_C_LANGUAGE_STANDARD = gnu11;
				GCC_DYNAMIC_NO_PIC = NO;
				GCC_NO_COMMON_BLOCKS = YES;
				GCC_OPTIMIZATION_LEVEL = 0;
				GCC_PREPROCESSOR_DEFINITIONS = (
					"DEBUG=1",
					"$(inherited)",
				);
				GCC_WARN_64_TO_32_BIT_CONVERSION = YES;
				GCC_WARN_ABOUT_RETURN_TYPE = YES_ERROR;
				GCC_WARN_UNDECLARED_SELECTOR = YES;
				GCC_WARN_UNINITIALIZED_AUTOS = YES_AGGRESSIVE;
				GCC_WARN_UNUSED_FUNCTION = YES;
				GCC_WARN_UNUSED_VARIABLE = YES;
				IPHONEOS_DEPLOYMENT_TARGET = 16.2;
				MTL_ENABLE_DEBUG_INFO = INCLUDE_SOURCE;
				MTL_FAST_MATH = YES;
				ONLY_ACTIVE_ARCH = YES;
				SDKROOT = iphoneos;
				SWIFT_ACTIVE_COMPILATION_CONDITIONS = DEBUG;
				SWIFT_OPTIMIZATION_LEVEL = "-Onone";
			};
			name = Debug;
		};
		2B53BE0C2977F36900B43A7F /* Release */ = {
			isa = XCBuildConfiguration;
			buildSettings = {
				ALWAYS_SEARCH_USER_PATHS = NO;
				CLANG_ANALYZER_NONNULL = YES;
				CLANG_ANALYZER_NUMBER_OBJECT_CONVERSION = YES_AGGRESSIVE;
				CLANG_CXX_LANGUAGE_STANDARD = "gnu++20";
				CLANG_ENABLE_MODULES = YES;
				CLANG_ENABLE_OBJC_ARC = YES;
				CLANG_ENABLE_OBJC_WEAK = YES;
				CLANG_WARN_BLOCK_CAPTURE_AUTORELEASING = YES;
				CLANG_WARN_BOOL_CONVERSION = YES;
				CLANG_WARN_COMMA = YES;
				CLANG_WARN_CONSTANT_CONVERSION = YES;
				CLANG_WARN_DEPRECATED_OBJC_IMPLEMENTATIONS = YES;
				CLANG_WARN_DIRECT_OBJC_ISA_USAGE = YES_ERROR;
				CLANG_WARN_DOCUMENTATION_COMMENTS = YES;
				CLANG_WARN_EMPTY_BODY = YES;
				CLANG_WARN_ENUM_CONVERSION = YES;
				CLANG_WARN_INFINITE_RECURSION = YES;
				CLANG_WARN_INT_CONVERSION = YES;
				CLANG_WARN_NON_LITERAL_NULL_CONVERSION = YES;
				CLANG_WARN_OBJC_IMPLICIT_RETAIN_SELF = YES;
				CLANG_WARN_OBJC_LITERAL_CONVERSION = YES;
				CLANG_WARN_OBJC_ROOT_CLASS = YES_ERROR;
				CLANG_WARN_QUOTED_INCLUDE_IN_FRAMEWORK_HEADER = YES;
				CLANG_WARN_RANGE_LOOP_ANALYSIS = YES;
				CLANG_WARN_STRICT_PROTOTYPES = YES;
				CLANG_WARN_SUSPICIOUS_MOVE = YES;
				CLANG_WARN_UNGUARDED_AVAILABILITY = YES_AGGRESSIVE;
				CLANG_WARN_UNREACHABLE_CODE = YES;
				CLANG_WARN__DUPLICATE_METHOD_MATCH = YES;
				COPY_PHASE_STRIP = NO;
				DEBUG_INFORMATION_FORMAT = "dwarf-with-dsym";
				ENABLE_NS_ASSERTIONS = NO;
				ENABLE_STRICT_OBJC_MSGSEND = YES;
				GCC_C_LANGUAGE_STANDARD = gnu11;
				GCC_NO_COMMON_BLOCKS = YES;
				GCC_WARN_64_TO_32_BIT_CONVERSION = YES;
				GCC_WARN_ABOUT_RETURN_TYPE = YES_ERROR;
				GCC_WARN_UNDECLARED_SELECTOR = YES;
				GCC_WARN_UNINITIALIZED_AUTOS = YES_AGGRESSIVE;
				GCC_WARN_UNUSED_FUNCTION = YES;
				GCC_WARN_UNUSED_VARIABLE = YES;
				IPHONEOS_DEPLOYMENT_TARGET = 16.2;
				MTL_ENABLE_DEBUG_INFO = NO;
				MTL_FAST_MATH = YES;
				SDKROOT = iphoneos;
				SWIFT_COMPILATION_MODE = wholemodule;
				SWIFT_OPTIMIZATION_LEVEL = "-O";
				VALIDATE_PRODUCT = YES;
			};
			name = Release;
		};
		2B53BE0E2977F36900B43A7F /* Debug */ = {
			isa = XCBuildConfiguration;
			baseConfigurationReference = 0047B5032D308519C4B7E069 /* Pods-miniTwitter.debug.xcconfig */;
			buildSettings = {
				ARCHS = "$(ARCHS_STANDARD)";
				ASSETCATALOG_COMPILER_APPICON_NAME = AppIcon;
				ASSETCATALOG_COMPILER_GLOBAL_ACCENT_COLOR_NAME = AccentColor;
				CODE_SIGN_STYLE = Automatic;
				CURRENT_PROJECT_VERSION = 1;
				EXCLUDED_ARCHS = arm64;
				FRAMEWORK_SEARCH_PATHS = (
					"$(inherited)",
					"\"${PODS_CONFIGURATION_BUILD_DIR}/KeychainSwift\"",
					"\"${PODS_CONFIGURATION_BUILD_DIR}/OAuthSwift\"",
				);
				GENERATE_INFOPLIST_FILE = YES;
				INFOPLIST_FILE = miniTwitter/Info.plist;
				INFOPLIST_KEY_UIApplicationSupportsIndirectInputEvents = YES;
				INFOPLIST_KEY_UILaunchStoryboardName = LaunchScreen;
				INFOPLIST_KEY_UISupportedInterfaceOrientations_iPad = "UIInterfaceOrientationPortrait UIInterfaceOrientationPortraitUpsideDown UIInterfaceOrientationLandscapeLeft UIInterfaceOrientationLandscapeRight";
				INFOPLIST_KEY_UISupportedInterfaceOrientations_iPhone = "UIInterfaceOrientationPortrait UIInterfaceOrientationLandscapeLeft UIInterfaceOrientationLandscapeRight";
				LD_RUNPATH_SEARCH_PATHS = (
					"$(inherited)",
					"@executable_path/Frameworks",
				);
				LIBRARY_SEARCH_PATHS = (
					"$(inherited)",
					"\"${DT_TOOLCHAIN_DIR}/usr/lib/swift/${PLATFORM_NAME}\"",
					/usr/lib/swift,
					"$(SRCROOT)/**",
				);
				MARKETING_VERSION = 1.0;
				ONLY_ACTIVE_ARCH = YES;
				PRODUCT_BUNDLE_IDENTIFIER = com.kulraj.miniTwitter;
				PRODUCT_NAME = "$(TARGET_NAME)";
				SWIFT_EMIT_LOC_STRINGS = YES;
				SWIFT_VERSION = 5.0;
				TARGETED_DEVICE_FAMILY = "1,2";
			};
			name = Debug;
		};
		2B53BE0F2977F36900B43A7F /* Release */ = {
			isa = XCBuildConfiguration;
			baseConfigurationReference = DD19F98B740BEF92CD179242 /* Pods-miniTwitter.release.xcconfig */;
			buildSettings = {
				ARCHS = "$(ARCHS_STANDARD)";
				ASSETCATALOG_COMPILER_APPICON_NAME = AppIcon;
				ASSETCATALOG_COMPILER_GLOBAL_ACCENT_COLOR_NAME = AccentColor;
				CODE_SIGN_STYLE = Automatic;
				CURRENT_PROJECT_VERSION = 1;
				EXCLUDED_ARCHS = arm64;
				FRAMEWORK_SEARCH_PATHS = (
					"$(inherited)",
					"\"${PODS_CONFIGURATION_BUILD_DIR}/KeychainSwift\"",
					"\"${PODS_CONFIGURATION_BUILD_DIR}/OAuthSwift\"",
				);
				GENERATE_INFOPLIST_FILE = YES;
				INFOPLIST_FILE = miniTwitter/Info.plist;
				INFOPLIST_KEY_UIApplicationSupportsIndirectInputEvents = YES;
				INFOPLIST_KEY_UILaunchStoryboardName = LaunchScreen;
				INFOPLIST_KEY_UISupportedInterfaceOrientations_iPad = "UIInterfaceOrientationPortrait UIInterfaceOrientationPortraitUpsideDown UIInterfaceOrientationLandscapeLeft UIInterfaceOrientationLandscapeRight";
				INFOPLIST_KEY_UISupportedInterfaceOrientations_iPhone = "UIInterfaceOrientationPortrait UIInterfaceOrientationLandscapeLeft UIInterfaceOrientationLandscapeRight";
				LD_RUNPATH_SEARCH_PATHS = (
					"$(inherited)",
					"@executable_path/Frameworks",
				);
				LIBRARY_SEARCH_PATHS = (
					"$(inherited)",
					"\"${DT_TOOLCHAIN_DIR}/usr/lib/swift/${PLATFORM_NAME}\"",
					/usr/lib/swift,
					"$(SRCROOT)/**",
				);
				MARKETING_VERSION = 1.0;
				ONLY_ACTIVE_ARCH = YES;
				PRODUCT_BUNDLE_IDENTIFIER = com.kulraj.miniTwitter;
				PRODUCT_NAME = "$(TARGET_NAME)";
				SWIFT_EMIT_LOC_STRINGS = YES;
				SWIFT_VERSION = 5.0;
				TARGETED_DEVICE_FAMILY = "1,2";
			};
			name = Release;
		};
		2B53BE112977F36900B43A7F /* Debug */ = {
			isa = XCBuildConfiguration;
			baseConfigurationReference = C5ADC055942CD61538CB8AB1 /* Pods-miniTwitterTests.debug.xcconfig */;
			buildSettings = {
				ALWAYS_EMBED_SWIFT_STANDARD_LIBRARIES = YES;
				BUNDLE_LOADER = "$(TEST_HOST)";
				CODE_SIGN_STYLE = Automatic;
				CURRENT_PROJECT_VERSION = 1;
				GENERATE_INFOPLIST_FILE = YES;
				IPHONEOS_DEPLOYMENT_TARGET = 16.2;
				MARKETING_VERSION = 1.0;
				PRODUCT_BUNDLE_IDENTIFIER = com.kulraj.miniTwitterTests;
				PRODUCT_NAME = "$(TARGET_NAME)";
				SWIFT_EMIT_LOC_STRINGS = NO;
				SWIFT_VERSION = 5.0;
				TARGETED_DEVICE_FAMILY = "1,2";
				TEST_HOST = "$(BUILT_PRODUCTS_DIR)/miniTwitter.app/$(BUNDLE_EXECUTABLE_FOLDER_PATH)/miniTwitter";
			};
			name = Debug;
		};
		2B53BE122977F36900B43A7F /* Release */ = {
			isa = XCBuildConfiguration;
			baseConfigurationReference = CCDD3AA34CEF4AC8C2EBBBA7 /* Pods-miniTwitterTests.release.xcconfig */;
			buildSettings = {
				ALWAYS_EMBED_SWIFT_STANDARD_LIBRARIES = YES;
				BUNDLE_LOADER = "$(TEST_HOST)";
				CODE_SIGN_STYLE = Automatic;
				CURRENT_PROJECT_VERSION = 1;
				GENERATE_INFOPLIST_FILE = YES;
				IPHONEOS_DEPLOYMENT_TARGET = 16.2;
				MARKETING_VERSION = 1.0;
				PRODUCT_BUNDLE_IDENTIFIER = com.kulraj.miniTwitterTests;
				PRODUCT_NAME = "$(TARGET_NAME)";
				SWIFT_EMIT_LOC_STRINGS = NO;
				SWIFT_VERSION = 5.0;
				TARGETED_DEVICE_FAMILY = "1,2";
				TEST_HOST = "$(BUILT_PRODUCTS_DIR)/miniTwitter.app/$(BUNDLE_EXECUTABLE_FOLDER_PATH)/miniTwitter";
			};
			name = Release;
		};
		2B53BE142977F36900B43A7F /* Debug */ = {
			isa = XCBuildConfiguration;
			baseConfigurationReference = 50973442C6D946EF3E48DD45 /* Pods-miniTwitter-miniTwitterUITests.debug.xcconfig */;
			buildSettings = {
				ALWAYS_EMBED_SWIFT_STANDARD_LIBRARIES = YES;
				CODE_SIGN_STYLE = Automatic;
				CURRENT_PROJECT_VERSION = 1;
				GENERATE_INFOPLIST_FILE = YES;
				MARKETING_VERSION = 1.0;
				PRODUCT_BUNDLE_IDENTIFIER = com.kulraj.miniTwitterUITests;
				PRODUCT_NAME = "$(TARGET_NAME)";
				SWIFT_EMIT_LOC_STRINGS = NO;
				SWIFT_VERSION = 5.0;
				TARGETED_DEVICE_FAMILY = "1,2";
				TEST_TARGET_NAME = miniTwitter;
			};
			name = Debug;
		};
		2B53BE152977F36900B43A7F /* Release */ = {
			isa = XCBuildConfiguration;
			baseConfigurationReference = 3BB712B9C7C4FC0F07AEB8C2 /* Pods-miniTwitter-miniTwitterUITests.release.xcconfig */;
			buildSettings = {
				ALWAYS_EMBED_SWIFT_STANDARD_LIBRARIES = YES;
				CODE_SIGN_STYLE = Automatic;
				CURRENT_PROJECT_VERSION = 1;
				GENERATE_INFOPLIST_FILE = YES;
				MARKETING_VERSION = 1.0;
				PRODUCT_BUNDLE_IDENTIFIER = com.kulraj.miniTwitterUITests;
				PRODUCT_NAME = "$(TARGET_NAME)";
				SWIFT_EMIT_LOC_STRINGS = NO;
				SWIFT_VERSION = 5.0;
				TARGETED_DEVICE_FAMILY = "1,2";
				TEST_TARGET_NAME = miniTwitter;
			};
			name = Release;
		};
/* End XCBuildConfiguration section */

/* Begin XCConfigurationList section */
		2B53BDDE2977F36800B43A7F /* Build configuration list for PBXProject "miniTwitter" */ = {
			isa = XCConfigurationList;
			buildConfigurations = (
				2B53BE0B2977F36900B43A7F /* Debug */,
				2B53BE0C2977F36900B43A7F /* Release */,
			);
			defaultConfigurationIsVisible = 0;
			defaultConfigurationName = Release;
		};
		2B53BE0D2977F36900B43A7F /* Build configuration list for PBXNativeTarget "miniTwitter" */ = {
			isa = XCConfigurationList;
			buildConfigurations = (
				2B53BE0E2977F36900B43A7F /* Debug */,
				2B53BE0F2977F36900B43A7F /* Release */,
			);
			defaultConfigurationIsVisible = 0;
			defaultConfigurationName = Release;
		};
		2B53BE102977F36900B43A7F /* Build configuration list for PBXNativeTarget "miniTwitterTests" */ = {
			isa = XCConfigurationList;
			buildConfigurations = (
				2B53BE112977F36900B43A7F /* Debug */,
				2B53BE122977F36900B43A7F /* Release */,
			);
			defaultConfigurationIsVisible = 0;
			defaultConfigurationName = Release;
		};
		2B53BE132977F36900B43A7F /* Build configuration list for PBXNativeTarget "miniTwitterUITests" */ = {
			isa = XCConfigurationList;
			buildConfigurations = (
				2B53BE142977F36900B43A7F /* Debug */,
				2B53BE152977F36900B43A7F /* Release */,
			);
			defaultConfigurationIsVisible = 0;
			defaultConfigurationName = Release;
		};
/* End XCConfigurationList section */
	};
	rootObject = 2B53BDDB2977F36800B43A7F /* Project object */;
}
